
Microsoft Visual Studio Solution File, Format Version 12.00
# Visual Studio Version 17
VisualStudioVersion = 17.0.31903.59
MinimumVisualStudioVersion = 10.0.40219.1
Project("{9A19103F-16F7-4668-BE54-9A1E7A4F7556}") = "WebApp", "WebApp\WebApp.csproj", "{5BE7073D-3386-4AD9-A514-58A753767DB2}"
EndProject
Global
	GlobalSection(SolutionConfigurationPlatforms) = preSolution
		Debug|Any CPU = Debug|Any CPU
		Release|Any CPU = Release|Any CPU
	EndGlobalSection
	GlobalSection(ProjectConfigurationPlatforms) = postSolution
		{5BE7073D-3386-4AD9-A514-58A753767DB2}.Debug|Any CPU.ActiveCfg = Debug|Any CPU
		{5BE7073D-3386-4AD9-A514-58A753767DB2}.Debug|Any CPU.Build.0 = Debug|Any CPU
		{5BE7073D-3386-4AD9-A514-58A753767DB2}.Release|Any CPU.ActiveCfg = Release|Any CPU
		{5BE7073D-3386-4AD9-A514-58A753767DB2}.Release|Any CPU.Build.0 = Release|Any CPU
	EndGlobalSection
	GlobalSection(SolutionProperties) = preSolution
		HideSolutionNode = FALSE
	EndGlobalSection
	GlobalSection(ExtensibilityGlobals) = postSolution
		SolutionGuid = {0862BCFD-4EB2-435A-862C-703732F740D0}
	EndGlobalSection
EndGlobal
